
Microsoft Visual Studio Solution File, Format Version 12.00
# Visual Studio Version 17
VisualStudioVersion = 17.2.32317.152
MinimumVisualStudioVersion = 10.0.40219.1
Project("{FAE04EC0-301F-11D3-BF4B-00C04F79EFBC}") = "Image Color Filters", "Image Color Filters.csproj", "{EC434B84-D0DA-429C-9C08-F1668EA1F27D}"
EndProject
Global
	GlobalSection(SolutionConfigurationPlatforms) = preSolution
		Debug|Any CPU = Debug|Any CPU
		Release|Any CPU = Release|Any CPU
	EndGlobalSection
	GlobalSection(ProjectConfigurationPlatforms) = postSolution
		{EC434B84-D0DA-429C-9C08-F1668EA1F27D}.Debug|Any CPU.ActiveCfg = Debug|Any CPU
		{EC434B84-D0DA-429C-9C08-F1668EA1F27D}.Debug|Any CPU.Build.0 = Debug|Any CPU
		{EC434B84-D0DA-429C-9C08-F1668EA1F27D}.Release|Any CPU.ActiveCfg = Release|Any CPU
		{EC434B84-D0DA-429C-9C08-F1668EA1F27D}.Release|Any CPU.Build.0 = Release|Any CPU
	EndGlobalSection
	GlobalSection(SolutionProperties) = preSolution
		HideSolutionNode = FALSE
	EndGlobalSection
	GlobalSection(ExtensibilityGlobals) = postSolution
		SolutionGuid = {4A56A371-F03C-4BDF-AA65-CC4E3125AD29}
	EndGlobalSection
EndGlobal
